Microsoft Visual Studio Solution File, Format Version 8.00
Project("{8BC9CEB8-8B4A-11D0-8D11-00A0C91BC942}") = "Funguloids", "Funguloids.vcproj", "{1C8BDC17-C5AD-47CD-8185-0A3AD3AD5B52}"
	ProjectSection(ProjectDependencies) = postProject
	EndProjectSection
EndProject
Global
	GlobalSection(SolutionConfiguration) = preSolution
		Debug = Debug
		Release = Release
	EndGlobalSection
	GlobalSection(ProjectDependencies) = postSolution
	EndGlobalSection
	GlobalSection(ProjectConfiguration) = postSolution
		{1C8BDC17-C5AD-47CD-8185-0A3AD3AD5B52}.Debug.ActiveCfg = Debug|Win32
		{1C8BDC17-C5AD-47CD-8185-0A3AD3AD5B52}.Debug.Build.0 = Debug|Win32
		{1C8BDC17-C5AD-47CD-8185-0A3AD3AD5B52}.Release.ActiveCfg = Release|Win32
		{1C8BDC17-C5AD-47CD-8185-0A3AD3AD5B52}.Release.Build.0 = Release|Win32
	EndGlobalSection
	GlobalSection(ExtensibilityGlobals) = postSolution
	EndGlobalSection
	GlobalSection(ExtensibilityAddIns) = postSolution
	EndGlobalSection
EndGlobal
